
Microsoft Visual Studio Solution File, Format Version 12.00
# Visual Studio Version 16
VisualStudioVersion = 16.0.32901.82
MinimumVisualStudioVersion = 10.0.40219.1
Project("{FAE04EC0-301F-11D3-BF4B-00C04F79EFBC}") = "RSA", "RSA.csproj", "{8BC8C21C-AEB7-4B4C-ACFC-ECB5A5E2BE31}"
EndProject
Global
	GlobalSection(SolutionConfigurationPlatforms) = preSolution
		Debug|Any CPU = Debug|Any CPU
		Release|Any CPU = Release|Any CPU
	EndGlobalSection
	GlobalSection(ProjectConfigurationPlatforms) = postSolution
		{8BC8C21C-AEB7-4B4C-ACFC-ECB5A5E2BE31}.Debug|Any CPU.ActiveCfg = Debug|Any CPU
		{8BC8C21C-AEB7-4B4C-ACFC-ECB5A5E2BE31}.Debug|Any CPU.Build.0 = Debug|Any CPU
		{8BC8C21C-AEB7-4B4C-ACFC-ECB5A5E2BE31}.Release|Any CPU.ActiveCfg = Release|Any CPU
		{8BC8C21C-AEB7-4B4C-ACFC-ECB5A5E2BE31}.Release|Any CPU.Build.0 = Release|Any CPU
	EndGlobalSection
	GlobalSection(SolutionProperties) = preSolution
		HideSolutionNode = FALSE
	EndGlobalSection
	GlobalSection(ExtensibilityGlobals) = postSolution
		SolutionGuid = {45B063D5-FD1E-4D7E-9827-CAF3B05AE5DD}
	EndGlobalSection
EndGlobal
