
Microsoft Visual Studio Solution File, Format Version 12.00
# Visual Studio Version 16
VisualStudioVersion = 16.0.32929.386
MinimumVisualStudioVersion = 10.0.40219.1
Project("{FAE04EC0-301F-11D3-BF4B-00C04F79EFBC}") = "Hafman", "Hafman.csproj", "{A129C166-C373-4C8C-8DC1-90CC14574F1C}"
EndProject
Global
	GlobalSection(SolutionConfigurationPlatforms) = preSolution
		Debug|Any CPU = Debug|Any CPU
		Release|Any CPU = Release|Any CPU
	EndGlobalSection
	GlobalSection(ProjectConfigurationPlatforms) = postSolution
		{A129C166-C373-4C8C-8DC1-90CC14574F1C}.Debug|Any CPU.ActiveCfg = Debug|Any CPU
		{A129C166-C373-4C8C-8DC1-90CC14574F1C}.Debug|Any CPU.Build.0 = Debug|Any CPU
		{A129C166-C373-4C8C-8DC1-90CC14574F1C}.Release|Any CPU.ActiveCfg = Release|Any CPU
		{A129C166-C373-4C8C-8DC1-90CC14574F1C}.Release|Any CPU.Build.0 = Release|Any CPU
	EndGlobalSection
	GlobalSection(SolutionProperties) = preSolution
		HideSolutionNode = FALSE
	EndGlobalSection
	GlobalSection(ExtensibilityGlobals) = postSolution
		SolutionGuid = {EA6DAD9A-E2E7-4A91-BBC2-C859C54EC844}
	EndGlobalSection
EndGlobal
